// !$*UTF8*$!
{
	archiveVersion = 1;
	classes = {
	};
	objectVersion = 52;
	objects = {

/* Begin PBXBuildFile section */
		4E10772424E4059700FB362A /* main.swift in Sources */ = {isa = PBXBuildFile; fileRef = 4E10772324E4059600FB362A /* main.swift */; };
		4E10772C24E405F700FB362A /* IndexStoreDB in Frameworks */ = {isa = PBXBuildFile; productRef = 4E10772B24E405F700FB362A /* IndexStoreDB */; };
		4E10772F24E4069500FB362A /* SwiftToolsSupport in Frameworks */ = {isa = PBXBuildFile; productRef = 4E10772E24E4069500FB362A /* SwiftToolsSupport */; };
		4E10773024E4069500FB362A /* SwiftToolsSupport in Embed Frameworks */ = {isa = PBXBuildFile; productRef = 4E10772E24E4069500FB362A /* SwiftToolsSupport */; settings = {ATTRIBUTES = (CodeSignOnCopy, ); }; };
		4E10773424E406DA00FB362A /* ArgumentParser in Frameworks */ = {isa = PBXBuildFile; productRef = 4E10773324E406DA00FB362A /* ArgumentParser */; };
		4E10773624E4090A00FB362A /* Workspace.swift in Sources */ = {isa = PBXBuildFile; fileRef = 4E10773524E4090A00FB362A /* Workspace.swift */; };
		4E10798A24E4F34300FB362A /* Command.swift in Sources */ = {isa = PBXBuildFile; fileRef = 4E10798924E4F34300FB362A /* Command.swift */; };
		70CBC69E24E7B9760093A60E /* XcodeGenKit in Frameworks */ = {isa = PBXBuildFile; productRef = 70CBC69D24E7B9760093A60E /* XcodeGenKit */; };
/* End PBXBuildFile section */

/* Begin PBXCopyFilesBuildPhase section */
		4E10771E24E4059600FB362A /* CopyFiles */ = {
			isa = PBXCopyFilesBuildPhase;
			buildActionMask = 2147483647;
			dstPath = /usr/share/man/man1/;
			dstSubfolderSpec = 0;
			files = (
			);
			runOnlyForDeploymentPostprocessing = 1;
		};
		4E10773124E4069600FB362A /* Embed Frameworks */ = {
			isa = PBXCopyFilesBuildPhase;
			buildActionMask = 2147483647;
			dstPath = "";
			dstSubfolderSpec = 10;
			files = (
				4E10773024E4069500FB362A /* SwiftToolsSupport in Embed Frameworks */,
			);
			name = "Embed Frameworks";
			runOnlyForDeploymentPostprocessing = 0;
		};
/* End PBXCopyFilesBuildPhase section */

/* Begin PBXFileReference section */
		4E10772024E4059600FB362A /* IndexStoreCmd */ = {isa = PBXFileReference; explicitFileType = "compiled.mach-o.executable"; includeInIndex = 0; path = IndexStoreCmd; sourceTree = BUILT_PRODUCTS_DIR; };
		4E10772324E4059600FB362A /* main.swift */ = {isa = PBXFileReference; lastKnownFileType = sourcecode.swift; path = main.swift; sourceTree = "<group>"; };
		4E10773524E4090A00FB362A /* Workspace.swift */ = {isa = PBXFileReference; lastKnownFileType = sourcecode.swift; path = Workspace.swift; sourceTree = "<group>"; };
		4E10798924E4F34300FB362A /* Command.swift */ = {isa = PBXFileReference; lastKnownFileType = sourcecode.swift; path = Command.swift; sourceTree = "<group>"; };
/* End PBXFileReference section */

/* Begin PBXFrameworksBuildPhase section */
		4E10771D24E4059600FB362A /* Frameworks */ = {
			isa = PBXFrameworksBuildPhase;
			buildActionMask = 2147483647;
			files = (
				70CBC69E24E7B9760093A60E /* XcodeGenKit in Frameworks */,
				4E10773424E406DA00FB362A /* ArgumentParser in Frameworks */,
				4E10772F24E4069500FB362A /* SwiftToolsSupport in Frameworks */,
				4E10772C24E405F700FB362A /* IndexStoreDB in Frameworks */,
			);
			runOnlyForDeploymentPostprocessing = 0;
		};
/* End PBXFrameworksBuildPhase section */

/* Begin PBXGroup section */
		4E10771724E4059600FB362A = {
			isa = PBXGroup;
			children = (
				4E10772224E4059600FB362A /* IndexStoreCmd */,
				4E10772124E4059600FB362A /* Products */,
				4E1077DA24E4E36900FB362A /* Frameworks */,
			);
			sourceTree = "<group>";
		};
		4E10772124E4059600FB362A /* Products */ = {
			isa = PBXGroup;
			children = (
				4E10772024E4059600FB362A /* IndexStoreCmd */,
			);
			name = Products;
			sourceTree = "<group>";
		};
		4E10772224E4059600FB362A /* IndexStoreCmd */ = {
			isa = PBXGroup;
			children = (
				4E10772324E4059600FB362A /* main.swift */,
				4E10773524E4090A00FB362A /* Workspace.swift */,
				4E10798924E4F34300FB362A /* Command.swift */,
			);
			path = IndexStoreCmd;
			sourceTree = "<group>";
		};
		4E1077DA24E4E36900FB362A /* Frameworks */ = {
			isa = PBXGroup;
			children = (
			);
			name = Frameworks;
			sourceTree = "<group>";
		};
/* End PBXGroup section */

/* Begin PBXNativeTarget section */
		4E10771F24E4059600FB362A /* IndexStoreCmd */ = {
			isa = PBXNativeTarget;
			buildConfigurationList = 4E10772724E4059700FB362A /* Build configuration list for PBXNativeTarget "IndexStoreCmd" */;
			buildPhases = (
				4E10771C24E4059600FB362A /* Sources */,
				4E10771D24E4059600FB362A /* Frameworks */,
				4E10771E24E4059600FB362A /* CopyFiles */,
				4E10773124E4069600FB362A /* Embed Frameworks */,
			);
			buildRules = (
			);
			dependencies = (
			);
			name = IndexStoreCmd;
			packageProductDependencies = (
				4E10772B24E405F700FB362A /* IndexStoreDB */,
				4E10772E24E4069500FB362A /* SwiftToolsSupport */,
				4E10773324E406DA00FB362A /* ArgumentParser */,
				70CBC69D24E7B9760093A60E /* XcodeGenKit */,
			);
			productName = IndexStoreCmd;
			productReference = 4E10772024E4059600FB362A /* IndexStoreCmd */;
			productType = "com.apple.product-type.tool";
		};
/* End PBXNativeTarget section */

/* Begin PBXProject section */
		4E10771824E4059600FB362A /* Project object */ = {
			isa = PBXProject;
			attributes = {
				LastSwiftUpdateCheck = 1160;
				LastUpgradeCheck = 1160;
				ORGANIZATIONNAME = vedon;
				TargetAttributes = {
					4E10771F24E4059600FB362A = {
						CreatedOnToolsVersion = 11.6;
					};
				};
			};
			buildConfigurationList = 4E10771B24E4059600FB362A /* Build configuration list for PBXProject "IndexStoreCmd" */;
			compatibilityVersion = "Xcode 9.3";
			developmentRegion = en;
			hasScannedForEncodings = 0;
			knownRegions = (
				en,
				Base,
			);
			mainGroup = 4E10771724E4059600FB362A;
			packageReferences = (
				4E10772A24E405F700FB362A /* XCRemoteSwiftPackageReference "indexstore-db" */,
				4E10772D24E4069500FB362A /* XCRemoteSwiftPackageReference "swift-tools-support-core" */,
				4E10773224E406DA00FB362A /* XCRemoteSwiftPackageReference "swift-argument-parser" */,
				70CBC69C24E7B9760093A60E /* XCRemoteSwiftPackageReference "XcodeGen" */,
			);
			productRefGroup = 4E10772124E4059600FB362A /* Products */;
			projectDirPath = "";
			projectRoot = "";
			targets = (
				4E10771F24E4059600FB362A /* IndexStoreCmd */,
			);
		};
/* End PBXProject section */

/* Begin PBXSourcesBuildPhase section */
		4E10771C24E4059600FB362A /* Sources */ = {
			isa = PBXSourcesBuildPhase;
			buildActionMask = 2147483647;
			files = (
				4E10772424E4059700FB362A /* main.swift in Sources */,
				4E10773624E4090A00FB362A /* Workspace.swift in Sources */,
				4E10798A24E4F34300FB362A /* Command.swift in Sources */,
			);
			runOnlyForDeploymentPostprocessing = 0;
		};
/* End PBXSourcesBuildPhase section */

/* Begin XCBuildConfiguration section */
		4E10772524E4059700FB362A /* Debug */ = {
			isa = XCBuildConfiguration;
			buildSettings = {
				ALWAYS_SEARCH_USER_PATHS = NO;
				CLANG_ANALYZER_NONNULL = YES;
				CLANG_ANALYZER_NUMBER_OBJECT_CONVERSION = YES_AGGRESSIVE;
				CLANG_CXX_LANGUAGE_STANDARD = "gnu++14";
				CLANG_CXX_LIBRARY = "libc++";
				CLANG_ENABLE_MODULES = YES;
				CLANG_ENABLE_OBJC_ARC = YES;
				CLANG_ENABLE_OBJC_WEAK = YES;
				CLANG_WARN_BLOCK_CAPTURE_AUTORELEASING = YES;
				CLANG_WARN_BOOL_CONVERSION = YES;
				CLANG_WARN_COMMA = YES;
				CLANG_WARN_CONSTANT_CONVERSION = YES;
				CLANG_WARN_DEPRECATED_OBJC_IMPLEMENTATIONS = YES;
				CLANG_WARN_DIRECT_OBJC_ISA_USAGE = YES_ERROR;
				CLANG_WARN_DOCUMENTATION_COMMENTS = YES;
				CLANG_WARN_EMPTY_BODY = YES;
				CLANG_WARN_ENUM_CONVERSION = YES;
				CLANG_WARN_INFINITE_RECURSION = YES;
				CLANG_WARN_INT_CONVERSION = YES;
				CLANG_WARN_NON_LITERAL_NULL_CONVERSION = YES;
				CLANG_WARN_OBJC_IMPLICIT_RETAIN_SELF = YES;
				CLANG_WARN_OBJC_LITERAL_CONVERSION = YES;
				CLANG_WARN_OBJC_ROOT_CLASS = YES_ERROR;
				CLANG_WARN_RANGE_LOOP_ANALYSIS = YES;
				CLANG_WARN_STRICT_PROTOTYPES = YES;
				CLANG_WARN_SUSPICIOUS_MOVE = YES;
				CLANG_WARN_UNGUARDED_AVAILABILITY = YES_AGGRESSIVE;
				CLANG_WARN_UNREACHABLE_CODE = YES;
				CLANG_WARN__DUPLICATE_METHOD_MATCH = YES;
				COPY_PHASE_STRIP = NO;
				DEBUG_INFORMATION_FORMAT = dwarf;
				ENABLE_STRICT_OBJC_MSGSEND = YES;
				ENABLE_TESTABILITY = YES;
				GCC_C_LANGUAGE_STANDARD = gnu11;
				GCC_DYNAMIC_NO_PIC = NO;
				GCC_NO_COMMON_BLOCKS = YES;
				GCC_OPTIMIZATION_LEVEL = 0;
				GCC_PREPROCESSOR_DEFINITIONS = (
					"DEBUG=1",
					"$(inherited)",
				);
				GCC_WARN_64_TO_32_BIT_CONVERSION = YES;
				GCC_WARN_ABOUT_RETURN_TYPE = YES_ERROR;
				GCC_WARN_UNDECLARED_SELECTOR = YES;
				GCC_WARN_UNINITIALIZED_AUTOS = YES_AGGRESSIVE;
				GCC_WARN_UNUSED_FUNCTION = YES;
				GCC_WARN_UNUSED_VARIABLE = YES;
				MACOSX_DEPLOYMENT_TARGET = 10.15;
				MTL_ENABLE_DEBUG_INFO = INCLUDE_SOURCE;
				MTL_FAST_MATH = YES;
				ONLY_ACTIVE_ARCH = YES;
				SDKROOT = macosx;
				SWIFT_ACTIVE_COMPILATION_CONDITIONS = DEBUG;
				SWIFT_OPTIMIZATION_LEVEL = "-Onone";
			};
			name = Debug;
		};
		4E10772624E4059700FB362A /* Release */ = {
			isa = XCBuildConfiguration;
			buildSettings = {
				ALWAYS_SEARCH_USER_PATHS = NO;
				CLANG_ANALYZER_NONNULL = YES;
				CLANG_ANALYZER_NUMBER_OBJECT_CONVERSION = YES_AGGRESSIVE;
				CLANG_CXX_LANGUAGE_STANDARD = "gnu++14";
				CLANG_CXX_LIBRARY = "libc++";
				CLANG_ENABLE_MODULES = YES;
				CLANG_ENABLE_OBJC_ARC = YES;
				CLANG_ENABLE_OBJC_WEAK = YES;
				CLANG_WARN_BLOCK_CAPTURE_AUTORELEASING = YES;
				CLANG_WARN_BOOL_CONVERSION = YES;
				CLANG_WARN_COMMA = YES;
				CLANG_WARN_CONSTANT_CONVERSION = YES;
				CLANG_WARN_DEPRECATED_OBJC_IMPLEMENTATIONS = YES;
				CLANG_WARN_DIRECT_OBJC_ISA_USAGE = YES_ERROR;
				CLANG_WARN_DOCUMENTATION_COMMENTS = YES;
				CLANG_WARN_EMPTY_BODY = YES;
				CLANG_WARN_ENUM_CONVERSION = YES;
				CLANG_WARN_INFINITE_RECURSION = YES;
				CLANG_WARN_INT_CONVERSION = YES;
				CLANG_WARN_NON_LITERAL_NULL_CONVERSION = YES;
				CLANG_WARN_OBJC_IMPLICIT_RETAIN_SELF = YES;
				CLANG_WARN_OBJC_LITERAL_CONVERSION = YES;
				CLANG_WARN_OBJC_ROOT_CLASS = YES_ERROR;
				CLANG_WARN_RANGE_LOOP_ANALYSIS = YES;
				CLANG_WARN_STRICT_PROTOTYPES = YES;
				CLANG_WARN_SUSPICIOUS_MOVE = YES;
				CLANG_WARN_UNGUARDED_AVAILABILITY = YES_AGGRESSIVE;
				CLANG_WARN_UNREACHABLE_CODE = YES;
				CLANG_WARN__DUPLICATE_METHOD_MATCH = YES;
				COPY_PHASE_STRIP = NO;
				DEBUG_INFORMATION_FORMAT = "dwarf-with-dsym";
				ENABLE_NS_ASSERTIONS = NO;
				ENABLE_STRICT_OBJC_MSGSEND = YES;
				GCC_C_LANGUAGE_STANDARD = gnu11;
				GCC_NO_COMMON_BLOCKS = YES;
				GCC_WARN_64_TO_32_BIT_CONVERSION = YES;
				GCC_WARN_ABOUT_RETURN_TYPE = YES_ERROR;
				GCC_WARN_UNDECLARED_SELECTOR = YES;
				GCC_WARN_UNINITIALIZED_AUTOS = YES_AGGRESSIVE;
				GCC_WARN_UNUSED_FUNCTION = YES;
				GCC_WARN_UNUSED_VARIABLE = YES;
				MACOSX_DEPLOYMENT_TARGET = 10.15;
				MTL_ENABLE_DEBUG_INFO = NO;
				MTL_FAST_MATH = YES;
				SDKROOT = macosx;
				SWIFT_COMPILATION_MODE = wholemodule;
				SWIFT_OPTIMIZATION_LEVEL = "-O";
			};
			name = Release;
		};
		4E10772824E4059700FB362A /* Debug */ = {
			isa = XCBuildConfiguration;
			buildSettings = {
				CODE_SIGN_STYLE = Automatic;
				PRODUCT_NAME = "$(TARGET_NAME)";
				SWIFT_VERSION = 5.0;
			};
			name = Debug;
		};
		4E10772924E4059700FB362A /* Release */ = {
			isa = XCBuildConfiguration;
			buildSettings = {
				CODE_SIGN_STYLE = Automatic;
				PRODUCT_NAME = "$(TARGET_NAME)";
				SWIFT_VERSION = 5.0;
			};
			name = Release;
		};
/* End XCBuildConfiguration section */

/* Begin XCConfigurationList section */
		4E10771B24E4059600FB362A /* Build configuration list for PBXProject "IndexStoreCmd" */ = {
			isa = XCConfigurationList;
			buildConfigurations = (
				4E10772524E4059700FB362A /* Debug */,
				4E10772624E4059700FB362A /* Release */,
			);
			defaultConfigurationIsVisible = 0;
			defaultConfigurationName = Release;
		};
		4E10772724E4059700FB362A /* Build configuration list for PBXNativeTarget "IndexStoreCmd" */ = {
			isa = XCConfigurationList;
			buildConfigurations = (
				4E10772824E4059700FB362A /* Debug */,
				4E10772924E4059700FB362A /* Release */,
			);
			defaultConfigurationIsVisible = 0;
			defaultConfigurationName = Release;
		};
/* End XCConfigurationList section */

/* Begin XCRemoteSwiftPackageReference section */
		4E10772A24E405F700FB362A /* XCRemoteSwiftPackageReference "indexstore-db" */ = {
			isa = XCRemoteSwiftPackageReference;
			repositoryURL = "https://github.com/apple/indexstore-db.git";
			requirement = {
				branch = "swift-5.2-branch";
				kind = branch;
			};
		};
		4E10772D24E4069500FB362A /* XCRemoteSwiftPackageReference "swift-tools-support-core" */ = {
			isa = XCRemoteSwiftPackageReference;
			repositoryURL = "https://github.com/apple/swift-tools-support-core.git";
			requirement = {
				branch = master;
				kind = branch;
			};
		};
		4E10773224E406DA00FB362A /* XCRemoteSwiftPackageReference "swift-argument-parser" */ = {
			isa = XCRemoteSwiftPackageReference;
			repositoryURL = "https://github.com/apple/swift-argument-parser.git";
			requirement = {
				branch = master;
				kind = branch;
			};
		};
		70CBC69C24E7B9760093A60E /* XCRemoteSwiftPackageReference "XcodeGen" */ = {
			isa = XCRemoteSwiftPackageReference;
			repositoryURL = "https://github.com/yonaskolb/XcodeGen";
			requirement = {
				branch = master;
				kind = branch;
			};
		};
/* End XCRemoteSwiftPackageReference section */

/* Begin XCSwiftPackageProductDependency section */
		4E10772B24E405F700FB362A /* IndexStoreDB */ = {
			isa = XCSwiftPackageProductDependency;
			package = 4E10772A24E405F700FB362A /* XCRemoteSwiftPackageReference "indexstore-db" */;
			productName = IndexStoreDB;
		};
		4E10772E24E4069500FB362A /* SwiftToolsSupport */ = {
			isa = XCSwiftPackageProductDependency;
			package = 4E10772D24E4069500FB362A /* XCRemoteSwiftPackageReference "swift-tools-support-core" */;
			productName = SwiftToolsSupport;
		};
		4E10773324E406DA00FB362A /* ArgumentParser */ = {
			isa = XCSwiftPackageProductDependency;
			package = 4E10773224E406DA00FB362A /* XCRemoteSwiftPackageReference "swift-argument-parser" */;
			productName = ArgumentParser;
		};
		70CBC69D24E7B9760093A60E /* XcodeGenKit */ = {
			isa = XCSwiftPackageProductDependency;
			package = 70CBC69C24E7B9760093A60E /* XCRemoteSwiftPackageReference "XcodeGen" */;
			productName = XcodeGenKit;
		};
/* End XCSwiftPackageProductDependency section */
	};
	rootObject = 4E10771824E4059600FB362A /* Project object */;
}
